// !$*UTF8*$!
{
	archiveVersion = 1;
	classes = {
	};
	objectVersion = 50;
	objects = {

/* Begin PBXBuildFile section */
		23DA253B212D6FD2000CDB56 /* AppDelegate.swift in Sources */ = {isa = PBXBuildFile; fileRef = 23DA253A212D6FD2000CDB56 /* AppDelegate.swift */; };
		23DA253D212D6FD2000CDB56 /* GameViewController.swift in Sources */ = {isa = PBXBuildFile; fileRef = 23DA253C212D6FD2000CDB56 /* GameViewController.swift */; };
		23DA253F212D6FD2000CDB56 /* art.scnassets in Resources */ = {isa = PBXBuildFile; fileRef = 23DA253E212D6FD2000CDB56 /* art.scnassets */; };
		23DA2541212D6FD3000CDB56 /* Assets.xcassets in Resources */ = {isa = PBXBuildFile; fileRef = 23DA2540212D6FD3000CDB56 /* Assets.xcassets */; };
		23DA2544212D6FD3000CDB56 /* Main.storyboard in Resources */ = {isa = PBXBuildFile; fileRef = 23DA2542212D6FD3000CDB56 /* Main.storyboard */; };
		23DA256B212D7064000CDB56 /* Letters.swift in Sources */ = {isa = PBXBuildFile; fileRef = 23DA2553212D7064000CDB56 /* Letters.swift */; };
		23DA256C212D7064000CDB56 /* LetterActions.swift in Sources */ = {isa = PBXBuildFile; fileRef = 23DA2554212D7064000CDB56 /* LetterActions.swift */; };
		23DA256D212D7064000CDB56 /* Liberty.swift in Sources */ = {isa = PBXBuildFile; fileRef = 23DA2555212D7064000CDB56 /* Liberty.swift */; };
		23DA256E212D7064000CDB56 /* LettersNode.swift in Sources */ = {isa = PBXBuildFile; fileRef = 23DA2556212D7064000CDB56 /* LettersNode.swift */; };
		23DA256F212D7064000CDB56 /* XView+Util.swift in Sources */ = {isa = PBXBuildFile; fileRef = 23DA2559212D7064000CDB56 /* XView+Util.swift */; };
		23DA2570212D7064000CDB56 /* SCNNode+Util.swift in Sources */ = {isa = PBXBuildFile; fileRef = 23DA255A212D7064000CDB56 /* SCNNode+Util.swift */; };
		23DA2571212D7064000CDB56 /* CGFloat+Util.swift in Sources */ = {isa = PBXBuildFile; fileRef = 23DA255B212D7064000CDB56 /* CGFloat+Util.swift */; };
		23DA2572212D7064000CDB56 /* XColor+Util.swift in Sources */ = {isa = PBXBuildFile; fileRef = 23DA255C212D7064000CDB56 /* XColor+Util.swift */; };
		23DA2573212D7064000CDB56 /* XViewController+Util.swift in Sources */ = {isa = PBXBuildFile; fileRef = 23DA255D212D7064000CDB56 /* XViewController+Util.swift */; };
		23DA2574212D7064000CDB56 /* String+Util.swift in Sources */ = {isa = PBXBuildFile; fileRef = 23DA255E212D7064000CDB56 /* String+Util.swift */; };
		23DA2575212D7064000CDB56 /* Float+Util.swift in Sources */ = {isa = PBXBuildFile; fileRef = 23DA255F212D7064000CDB56 /* Float+Util.swift */; };
		23DA2576212D7064000CDB56 /* Bool+Util.swift in Sources */ = {isa = PBXBuildFile; fileRef = 23DA2560212D7064000CDB56 /* Bool+Util.swift */; };
		23DA2577212D7064000CDB56 /* NSObject+Util.swift in Sources */ = {isa = PBXBuildFile; fileRef = 23DA2561212D7064000CDB56 /* NSObject+Util.swift */; };
		23DA2578212D7064000CDB56 /* Int+Util.swift in Sources */ = {isa = PBXBuildFile; fileRef = 23DA2562212D7064000CDB56 /* Int+Util.swift */; };
		23DA2579212D7064000CDB56 /* README.md in Resources */ = {isa = PBXBuildFile; fileRef = 23DA2563212D7064000CDB56 /* README.md */; };
		23DA257A212D7064000CDB56 /* Double+Util.swift in Sources */ = {isa = PBXBuildFile; fileRef = 23DA2564212D7064000CDB56 /* Double+Util.swift */; };
		23DA257B212D7064000CDB56 /* Odkey+Util.swift in Sources */ = {isa = PBXBuildFile; fileRef = 23DA2565212D7064000CDB56 /* Odkey+Util.swift */; };
		23DA257C212D7064000CDB56 /* XImage+Util.swift in Sources */ = {isa = PBXBuildFile; fileRef = 23DA2566212D7064000CDB56 /* XImage+Util.swift */; };
		23DA257D212D7064000CDB56 /* Import.swift in Sources */ = {isa = PBXBuildFile; fileRef = 23DA2567212D7064000CDB56 /* Import.swift */; };
		23DA257E212D7064000CDB56 /* SCNQuaternion+Util.swift in Sources */ = {isa = PBXBuildFile; fileRef = 23DA2568212D7064000CDB56 /* SCNQuaternion+Util.swift */; };
		23DA257F212D7064000CDB56 /* matrix_float4x4+Util.swift in Sources */ = {isa = PBXBuildFile; fileRef = 23DA2569212D7064000CDB56 /* matrix_float4x4+Util.swift */; };
		23DA2580212D7064000CDB56 /* SCNVector3+Util.swift in Sources */ = {isa = PBXBuildFile; fileRef = 23DA256A212D7064000CDB56 /* SCNVector3+Util.swift */; };
/* End PBXBuildFile section */

/* Begin PBXFileReference section */
		23DA2537212D6FD2000CDB56 /* SimpleMotionTypography.app */ = {isa = PBXFileReference; explicitFileType = wrapper.application; includeInIndex = 0; path = SimpleMotionTypography.app; sourceTree = BUILT_PRODUCTS_DIR; };
		23DA253A212D6FD2000CDB56 /* AppDelegate.swift */ = {isa = PBXFileReference; lastKnownFileType = sourcecode.swift; path = AppDelegate.swift; sourceTree = "<group>"; };
		23DA253C212D6FD2000CDB56 /* GameViewController.swift */ = {isa = PBXFileReference; lastKnownFileType = sourcecode.swift; path = GameViewController.swift; sourceTree = "<group>"; };
		23DA253E212D6FD2000CDB56 /* art.scnassets */ = {isa = PBXFileReference; lastKnownFileType = wrapper.scnassets; path = art.scnassets; sourceTree = "<group>"; };
		23DA2540212D6FD3000CDB56 /* Assets.xcassets */ = {isa = PBXFileReference; lastKnownFileType = folder.assetcatalog; path = Assets.xcassets; sourceTree = "<group>"; };
		23DA2543212D6FD3000CDB56 /* Base */ = {isa = PBXFileReference; lastKnownFileType = file.storyboard; name = Base; path = Base.lproj/Main.storyboard; sourceTree = "<group>"; };
		23DA2545212D6FD3000CDB56 /* Info.plist */ = {isa = PBXFileReference; lastKnownFileType = text.plist.xml; path = Info.plist; sourceTree = "<group>"; };
		23DA2546212D6FD3000CDB56 /* SimpleMotionTypography.entitlements */ = {isa = PBXFileReference; lastKnownFileType = text.plist.entitlements; path = SimpleMotionTypography.entitlements; sourceTree = "<group>"; };
		23DA2553212D7064000CDB56 /* Letters.swift */ = {isa = PBXFileReference; fileEncoding = 4; lastKnownFileType = sourcecode.swift; path = Letters.swift; sourceTree = "<group>"; };
		23DA2554212D7064000CDB56 /* LetterActions.swift */ = {isa = PBXFileReference; fileEncoding = 4; lastKnownFileType = sourcecode.swift; path = LetterActions.swift; sourceTree = "<group>"; };
		23DA2555212D7064000CDB56 /* Liberty.swift */ = {isa = PBXFileReference; fileEncoding = 4; lastKnownFileType = sourcecode.swift; path = Liberty.swift; sourceTree = "<group>"; };
		23DA2556212D7064000CDB56 /* LettersNode.swift */ = {isa = PBXFileReference; fileEncoding = 4; lastKnownFileType = sourcecode.swift; path = LettersNode.swift; sourceTree = "<group>"; };
		23DA2559212D7064000CDB56 /* XView+Util.swift */ = {isa = PBXFileReference; fileEncoding = 4; lastKnownFileType = sourcecode.swift; path = "XView+Util.swift"; sourceTree = "<group>"; };
		23DA255A212D7064000CDB56 /* SCNNode+Util.swift */ = {isa = PBXFileReference; fileEncoding = 4; lastKnownFileType = sourcecode.swift; path = "SCNNode+Util.swift"; sourceTree = "<group>"; };
		23DA255B212D7064000CDB56 /* CGFloat+Util.swift */ = {isa = PBXFileReference; fileEncoding = 4; lastKnownFileType = sourcecode.swift; path = "CGFloat+Util.swift"; sourceTree = "<group>"; };
		23DA255C212D7064000CDB56 /* XColor+Util.swift */ = {isa = PBXFileReference; fileEncoding = 4; lastKnownFileType = sourcecode.swift; path = "XColor+Util.swift"; sourceTree = "<group>"; };
		23DA255D212D7064000CDB56 /* XViewController+Util.swift */ = {isa = PBXFileReference; fileEncoding = 4; lastKnownFileType = sourcecode.swift; path = "XViewController+Util.swift"; sourceTree = "<group>"; };
		23DA255E212D7064000CDB56 /* String+Util.swift */ = {isa = PBXFileReference; fileEncoding = 4; lastKnownFileType = sourcecode.swift; path = "String+Util.swift"; sourceTree = "<group>"; };
		23DA255F212D7064000CDB56 /* Float+Util.swift */ = {isa = PBXFileReference; fileEncoding = 4; lastKnownFileType = sourcecode.swift; path = "Float+Util.swift"; sourceTree = "<group>"; };
		23DA2560212D7064000CDB56 /* Bool+Util.swift */ = {isa = PBXFileReference; fileEncoding = 4; lastKnownFileType = sourcecode.swift; path = "Bool+Util.swift"; sourceTree = "<group>"; };
		23DA2561212D7064000CDB56 /* NSObject+Util.swift */ = {isa = PBXFileReference; fileEncoding = 4; lastKnownFileType = sourcecode.swift; path = "NSObject+Util.swift"; sourceTree = "<group>"; };
		23DA2562212D7064000CDB56 /* Int+Util.swift */ = {isa = PBXFileReference; fileEncoding = 4; lastKnownFileType = sourcecode.swift; path = "Int+Util.swift"; sourceTree = "<group>"; };
		23DA2563212D7064000CDB56 /* README.md */ = {isa = PBXFileReference; fileEncoding = 4; lastKnownFileType = net.daringfireball.markdown; path = README.md; sourceTree = "<group>"; };
		23DA2564212D7064000CDB56 /* Double+Util.swift */ = {isa = PBXFileReference; fileEncoding = 4; lastKnownFileType = sourcecode.swift; path = "Double+Util.swift"; sourceTree = "<group>"; };
		23DA2565212D7064000CDB56 /* Odkey+Util.swift */ = {isa = PBXFileReference; fileEncoding = 4; lastKnownFileType = sourcecode.swift; path = "Odkey+Util.swift"; sourceTree = "<group>"; };
		23DA2566212D7064000CDB56 /* XImage+Util.swift */ = {isa = PBXFileReference; fileEncoding = 4; lastKnownFileType = sourcecode.swift; path = "XImage+Util.swift"; sourceTree = "<group>"; };
		23DA2567212D7064000CDB56 /* Import.swift */ = {isa = PBXFileReference; fileEncoding = 4; lastKnownFileType = sourcecode.swift; path = Import.swift; sourceTree = "<group>"; };
		23DA2568212D7064000CDB56 /* SCNQuaternion+Util.swift */ = {isa = PBXFileReference; fileEncoding = 4; lastKnownFileType = sourcecode.swift; path = "SCNQuaternion+Util.swift"; sourceTree = "<group>"; };
		23DA2569212D7064000CDB56 /* matrix_float4x4+Util.swift */ = {isa = PBXFileReference; fileEncoding = 4; lastKnownFileType = sourcecode.swift; path = "matrix_float4x4+Util.swift"; sourceTree = "<group>"; };
		23DA256A212D7064000CDB56 /* SCNVector3+Util.swift */ = {isa = PBXFileReference; fileEncoding = 4; lastKnownFileType = sourcecode.swift; path = "SCNVector3+Util.swift"; sourceTree = "<group>"; };
/* End PBXFileReference section */

/* Begin PBXFrameworksBuildPhase section */
		23DA2534212D6FD2000CDB56 /* Frameworks */ = {
			isa = PBXFrameworksBuildPhase;
			buildActionMask = 2147483647;
			files = (
			);
			runOnlyForDeploymentPostprocessing = 0;
		};
/* End PBXFrameworksBuildPhase section */

/* Begin PBXGroup section */
		23DA252E212D6FD2000CDB56 = {
			isa = PBXGroup;
			children = (
				23DA2539212D6FD2000CDB56 /* SimpleMotionTypography */,
				23DA2538212D6FD2000CDB56 /* Products */,
			);
			sourceTree = "<group>";
		};
		23DA2538212D6FD2000CDB56 /* Products */ = {
			isa = PBXGroup;
			children = (
				23DA2537212D6FD2000CDB56 /* SimpleMotionTypography.app */,
			);
			name = Products;
			sourceTree = "<group>";
		};
		23DA2539212D6FD2000CDB56 /* SimpleMotionTypography */ = {
			isa = PBXGroup;
			children = (
				23DA2551212D7006000CDB56 /* Liberty */,
				23DA254C212D6FDB000CDB56 /* Sources */,
				23DA253E212D6FD2000CDB56 /* art.scnassets */,
				23DA2540212D6FD3000CDB56 /* Assets.xcassets */,
				23DA2542212D6FD3000CDB56 /* Main.storyboard */,
				23DA2545212D6FD3000CDB56 /* Info.plist */,
				23DA2546212D6FD3000CDB56 /* SimpleMotionTypography.entitlements */,
			);
			path = SimpleMotionTypography;
			sourceTree = "<group>";
		};
		23DA254C212D6FDB000CDB56 /* Sources */ = {
			isa = PBXGroup;
			children = (
				23DA253A212D6FD2000CDB56 /* AppDelegate.swift */,
				23DA253C212D6FD2000CDB56 /* GameViewController.swift */,
			);
			path = Sources;
			sourceTree = "<group>";
		};
		23DA2551212D7006000CDB56 /* Liberty */ = {
			isa = PBXGroup;
			children = (
				23DA2552212D7064000CDB56 /* Sources */,
				23DA2557212D7064000CDB56 /* Submodules */,
			);
			path = Liberty;
			sourceTree = "<group>";
		};
		23DA2552212D7064000CDB56 /* Sources */ = {
			isa = PBXGroup;
			children = (
				23DA2553212D7064000CDB56 /* Letters.swift */,
				23DA2554212D7064000CDB56 /* LetterActions.swift */,
				23DA2555212D7064000CDB56 /* Liberty.swift */,
				23DA2556212D7064000CDB56 /* LettersNode.swift */,
			);
			name = Sources;
			path = ../../../../../Liberty/Sources;
			sourceTree = "<group>";
		};
		23DA2557212D7064000CDB56 /* Submodules */ = {
			isa = PBXGroup;
			children = (
				23DA2558212D7064000CDB56 /* swift_extends */,
			);
			name = Submodules;
			path = ../../../../../Liberty/Submodules;
			sourceTree = "<group>";
		};
		23DA2558212D7064000CDB56 /* swift_extends */ = {
			isa = PBXGroup;
			children = (
				23DA2559212D7064000CDB56 /* XView+Util.swift */,
				23DA255A212D7064000CDB56 /* SCNNode+Util.swift */,
				23DA255B212D7064000CDB56 /* CGFloat+Util.swift */,
				23DA255C212D7064000CDB56 /* XColor+Util.swift */,
				23DA255D212D7064000CDB56 /* XViewController+Util.swift */,
				23DA255E212D7064000CDB56 /* String+Util.swift */,
				23DA255F212D7064000CDB56 /* Float+Util.swift */,
				23DA2560212D7064000CDB56 /* Bool+Util.swift */,
				23DA2561212D7064000CDB56 /* NSObject+Util.swift */,
				23DA2562212D7064000CDB56 /* Int+Util.swift */,
				23DA2563212D7064000CDB56 /* README.md */,
				23DA2564212D7064000CDB56 /* Double+Util.swift */,
				23DA2565212D7064000CDB56 /* Odkey+Util.swift */,
				23DA2566212D7064000CDB56 /* XImage+Util.swift */,
				23DA2567212D7064000CDB56 /* Import.swift */,
				23DA2568212D7064000CDB56 /* SCNQuaternion+Util.swift */,
				23DA2569212D7064000CDB56 /* matrix_float4x4+Util.swift */,
				23DA256A212D7064000CDB56 /* SCNVector3+Util.swift */,
			);
			path = swift_extends;
			sourceTree = "<group>";
		};
/* End PBXGroup section */

/* Begin PBXNativeTarget section */
		23DA2536212D6FD2000CDB56 /* SimpleMotionTypography */ = {
			isa = PBXNativeTarget;
			buildConfigurationList = 23DA2549212D6FD3000CDB56 /* Build configuration list for PBXNativeTarget "SimpleMotionTypography" */;
			buildPhases = (
				23DA2533212D6FD2000CDB56 /* Sources */,
				23DA2534212D6FD2000CDB56 /* Frameworks */,
				23DA2535212D6FD2000CDB56 /* Resources */,
			);
			buildRules = (
			);
			dependencies = (
			);
			name = SimpleMotionTypography;
			productName = SimpleMotionTypography;
			productReference = 23DA2537212D6FD2000CDB56 /* SimpleMotionTypography.app */;
			productType = "com.apple.product-type.application";
		};
/* End PBXNativeTarget section */

/* Begin PBXProject section */
		23DA252F212D6FD2000CDB56 /* Project object */ = {
			isa = PBXProject;
			attributes = {
				LastSwiftUpdateCheck = 0940;
				LastUpgradeCheck = 0940;
				ORGANIZATIONNAME = "Yota Odaka";
				TargetAttributes = {
					23DA2536212D6FD2000CDB56 = {
						CreatedOnToolsVersion = 9.4;
					};
				};
			};
			buildConfigurationList = 23DA2532212D6FD2000CDB56 /* Build configuration list for PBXProject "SimpleMotionTypography" */;
			compatibilityVersion = "Xcode 9.3";
			developmentRegion = en;
			hasScannedForEncodings = 0;
			knownRegions = (
				en,
				Base,
			);
			mainGroup = 23DA252E212D6FD2000CDB56;
			productRefGroup = 23DA2538212D6FD2000CDB56 /* Products */;
			projectDirPath = "";
			projectRoot = "";
			targets = (
				23DA2536212D6FD2000CDB56 /* SimpleMotionTypography */,
			);
		};
/* End PBXProject section */

/* Begin PBXResourcesBuildPhase section */
		23DA2535212D6FD2000CDB56 /* Resources */ = {
			isa = PBXResourcesBuildPhase;
			buildActionMask = 2147483647;
			files = (
				23DA2544212D6FD3000CDB56 /* Main.storyboard in Resources */,
				23DA2541212D6FD3000CDB56 /* Assets.xcassets in Resources */,
				23DA2579212D7064000CDB56 /* README.md in Resources */,
				23DA253F212D6FD2000CDB56 /* art.scnassets in Resources */,
			);
			runOnlyForDeploymentPostprocessing = 0;
		};
/* End PBXResourcesBuildPhase section */

/* Begin PBXSourcesBuildPhase section */
		23DA2533212D6FD2000CDB56 /* Sources */ = {
			isa = PBXSourcesBuildPhase;
			buildActionMask = 2147483647;
			files = (
				23DA2574212D7064000CDB56 /* String+Util.swift in Sources */,
				23DA257E212D7064000CDB56 /* SCNQuaternion+Util.swift in Sources */,
				23DA2570212D7064000CDB56 /* SCNNode+Util.swift in Sources */,
				23DA256F212D7064000CDB56 /* XView+Util.swift in Sources */,
				23DA2575212D7064000CDB56 /* Float+Util.swift in Sources */,
				23DA2580212D7064000CDB56 /* SCNVector3+Util.swift in Sources */,
				23DA257B212D7064000CDB56 /* Odkey+Util.swift in Sources */,
				23DA256B212D7064000CDB56 /* Letters.swift in Sources */,
				23DA253D212D6FD2000CDB56 /* GameViewController.swift in Sources */,
				23DA257F212D7064000CDB56 /* matrix_float4x4+Util.swift in Sources */,
				23DA2572212D7064000CDB56 /* XColor+Util.swift in Sources */,
				23DA2571212D7064000CDB56 /* CGFloat+Util.swift in Sources */,
				23DA257C212D7064000CDB56 /* XImage+Util.swift in Sources */,
				23DA253B212D6FD2000CDB56 /* AppDelegate.swift in Sources */,
				23DA2573212D7064000CDB56 /* XViewController+Util.swift in Sources */,
				23DA257A212D7064000CDB56 /* Double+Util.swift in Sources */,
				23DA2577212D7064000CDB56 /* NSObject+Util.swift in Sources */,
				23DA257D212D7064000CDB56 /* Import.swift in Sources */,
				23DA256E212D7064000CDB56 /* LettersNode.swift in Sources */,
				23DA256C212D7064000CDB56 /* LetterActions.swift in Sources */,
				23DA2578212D7064000CDB56 /* Int+Util.swift in Sources */,
				23DA256D212D7064000CDB56 /* Liberty.swift in Sources */,
				23DA2576212D7064000CDB56 /* Bool+Util.swift in Sources */,
			);
			runOnlyForDeploymentPostprocessing = 0;
		};
/* End PBXSourcesBuildPhase section */

/* Begin PBXVariantGroup section */
		23DA2542212D6FD3000CDB56 /* Main.storyboard */ = {
			isa = PBXVariantGroup;
			children = (
				23DA2543212D6FD3000CDB56 /* Base */,
			);
			name = Main.storyboard;
			sourceTree = "<group>";
		};
/* End PBXVariantGroup section */

/* Begin XCBuildConfiguration section */
		23DA2547212D6FD3000CDB56 /* Debug */ = {
			isa = XCBuildConfiguration;
			buildSettings = {
				ALWAYS_SEARCH_USER_PATHS = NO;
				CLANG_ANALYZER_NONNULL = YES;
				CLANG_ANALYZER_NUMBER_OBJECT_CONVERSION = YES_AGGRESSIVE;
				CLANG_CXX_LANGUAGE_STANDARD = "gnu++14";
				CLANG_CXX_LIBRARY = "libc++";
				CLANG_ENABLE_MODULES = YES;
				CLANG_ENABLE_OBJC_ARC = YES;
				CLANG_ENABLE_OBJC_WEAK = YES;
				CLANG_WARN_BLOCK_CAPTURE_AUTORELEASING = YES;
				CLANG_WARN_BOOL_CONVERSION = YES;
				CLANG_WARN_COMMA = YES;
				CLANG_WARN_CONSTANT_CONVERSION = YES;
				CLANG_WARN_DEPRECATED_OBJC_IMPLEMENTATIONS = YES;
				CLANG_WARN_DIRECT_OBJC_ISA_USAGE = YES_ERROR;
				CLANG_WARN_DOCUMENTATION_COMMENTS = YES;
				CLANG_WARN_EMPTY_BODY = YES;
				CLANG_WARN_ENUM_CONVERSION = YES;
				CLANG_WARN_INFINITE_RECURSION = YES;
				CLANG_WARN_INT_CONVERSION = YES;
				CLANG_WARN_NON_LITERAL_NULL_CONVERSION = YES;
				CLANG_WARN_OBJC_IMPLICIT_RETAIN_SELF = YES;
				CLANG_WARN_OBJC_LITERAL_CONVERSION = YES;
				CLANG_WARN_OBJC_ROOT_CLASS = YES_ERROR;
				CLANG_WARN_RANGE_LOOP_ANALYSIS = YES;
				CLANG_WARN_STRICT_PROTOTYPES = YES;
				CLANG_WARN_SUSPICIOUS_MOVE = YES;
				CLANG_WARN_UNGUARDED_AVAILABILITY = YES_AGGRESSIVE;
				CLANG_WARN_UNREACHABLE_CODE = YES;
				CLANG_WARN__DUPLICATE_METHOD_MATCH = YES;
				CODE_SIGN_IDENTITY = "Mac Developer";
				COPY_PHASE_STRIP = NO;
				DEBUG_INFORMATION_FORMAT = dwarf;
				ENABLE_STRICT_OBJC_MSGSEND = YES;
				ENABLE_TESTABILITY = YES;
				GCC_C_LANGUAGE_STANDARD = gnu11;
				GCC_DYNAMIC_NO_PIC = NO;
				GCC_NO_COMMON_BLOCKS = YES;
				GCC_OPTIMIZATION_LEVEL = 0;
				GCC_PREPROCESSOR_DEFINITIONS = (
					"DEBUG=1",
					"$(inherited)",
				);
				GCC_WARN_64_TO_32_BIT_CONVERSION = YES;
				GCC_WARN_ABOUT_RETURN_TYPE = YES_ERROR;
				GCC_WARN_UNDECLARED_SELECTOR = YES;
				GCC_WARN_UNINITIALIZED_AUTOS = YES_AGGRESSIVE;
				GCC_WARN_UNUSED_FUNCTION = YES;
				GCC_WARN_UNUSED_VARIABLE = YES;
				MACOSX_DEPLOYMENT_TARGET = 10.13;
				MTL_ENABLE_DEBUG_INFO = YES;
				ONLY_ACTIVE_ARCH = YES;
				SDKROOT = macosx;
				SWIFT_ACTIVE_COMPILATION_CONDITIONS = DEBUG;
				SWIFT_OPTIMIZATION_LEVEL = "-Onone";
			};
			name = Debug;
		};
		23DA2548212D6FD3000CDB56 /* Release */ = {
			isa = XCBuildConfiguration;
			buildSettings = {
				ALWAYS_SEARCH_USER_PATHS = NO;
				CLANG_ANALYZER_NONNULL = YES;
				CLANG_ANALYZER_NUMBER_OBJECT_CONVERSION = YES_AGGRESSIVE;
				CLANG_CXX_LANGUAGE_STANDARD = "gnu++14";
				CLANG_CXX_LIBRARY = "libc++";
				CLANG_ENABLE_MODULES = YES;
				CLANG_ENABLE_OBJC_ARC = YES;
				CLANG_ENABLE_OBJC_WEAK = YES;
				CLANG_WARN_BLOCK_CAPTURE_AUTORELEASING = YES;
				CLANG_WARN_BOOL_CONVERSION = YES;
				CLANG_WARN_COMMA = YES;
				CLANG_WARN_CONSTANT_CONVERSION = YES;
				CLANG_WARN_DEPRECATED_OBJC_IMPLEMENTATIONS = YES;
				CLANG_WARN_DIRECT_OBJC_ISA_USAGE = YES_ERROR;
				CLANG_WARN_DOCUMENTATION_COMMENTS = YES;
				CLANG_WARN_EMPTY_BODY = YES;
				CLANG_WARN_ENUM_CONVERSION = YES;
				CLANG_WARN_INFINITE_RECURSION = YES;
				CLANG_WARN_INT_CONVERSION = YES;
				CLANG_WARN_NON_LITERAL_NULL_CONVERSION = YES;
				CLANG_WARN_OBJC_IMPLICIT_RETAIN_SELF = YES;
				CLANG_WARN_OBJC_LITERAL_CONVERSION = YES;
				CLANG_WARN_OBJC_ROOT_CLASS = YES_ERROR;
				CLANG_WARN_RANGE_LOOP_ANALYSIS = YES;
				CLANG_WARN_STRICT_PROTOTYPES = YES;
				CLANG_WARN_SUSPICIOUS_MOVE = YES;
				CLANG_WARN_UNGUARDED_AVAILABILITY = YES_AGGRESSIVE;
				CLANG_WARN_UNREACHABLE_CODE = YES;
				CLANG_WARN__DUPLICATE_METHOD_MATCH = YES;
				CODE_SIGN_IDENTITY = "Mac Developer";
				COPY_PHASE_STRIP = NO;
				DEBUG_INFORMATION_FORMAT = "dwarf-with-dsym";
				ENABLE_NS_ASSERTIONS = NO;
				ENABLE_STRICT_OBJC_MSGSEND = YES;
				GCC_C_LANGUAGE_STANDARD = gnu11;
				GCC_NO_COMMON_BLOCKS = YES;
				GCC_WARN_64_TO_32_BIT_CONVERSION = YES;
				GCC_WARN_ABOUT_RETURN_TYPE = YES_ERROR;
				GCC_WARN_UNDECLARED_SELECTOR = YES;
				GCC_WARN_UNINITIALIZED_AUTOS = YES_AGGRESSIVE;
				GCC_WARN_UNUSED_FUNCTION = YES;
				GCC_WARN_UNUSED_VARIABLE = YES;
				MACOSX_DEPLOYMENT_TARGET = 10.13;
				MTL_ENABLE_DEBUG_INFO = NO;
				SDKROOT = macosx;
				SWIFT_COMPILATION_MODE = wholemodule;
				SWIFT_OPTIMIZATION_LEVEL = "-O";
			};
			name = Release;
		};
		23DA254A212D6FD3000CDB56 /* Debug */ = {
			isa = XCBuildConfiguration;
			buildSettings = {
				ASSETCATALOG_COMPILER_APPICON_NAME = AppIcon;
				CODE_SIGN_ENTITLEMENTS = SimpleMotionTypography/SimpleMotionTypography.entitlements;
				CODE_SIGN_STYLE = Automatic;
				COMBINE_HIDPI_IMAGES = YES;
				DEVELOPMENT_TEAM = E87QDFCSWD;
				INFOPLIST_FILE = SimpleMotionTypography/Info.plist;
				LD_RUNPATH_SEARCH_PATHS = (
					"$(inherited)",
					"@executable_path/../Frameworks",
				);
				PRODUCT_BUNDLE_IDENTIFIER = tokyo.odky.SimpleMotionTypography;
				PRODUCT_NAME = "$(TARGET_NAME)";
				SWIFT_VERSION = 4.0;
			};
			name = Debug;
		};
		23DA254B212D6FD3000CDB56 /* Release */ = {
			isa = XCBuildConfiguration;
			buildSettings = {
				ASSETCATALOG_COMPILER_APPICON_NAME = AppIcon;
				CODE_SIGN_ENTITLEMENTS = SimpleMotionTypography/SimpleMotionTypography.entitlements;
				CODE_SIGN_STYLE = Automatic;
				COMBINE_HIDPI_IMAGES = YES;
				DEVELOPMENT_TEAM = E87QDFCSWD;
				INFOPLIST_FILE = SimpleMotionTypography/Info.plist;
				LD_RUNPATH_SEARCH_PATHS = (
					"$(inherited)",
					"@executable_path/../Frameworks",
				);
				PRODUCT_BUNDLE_IDENTIFIER = tokyo.odky.SimpleMotionTypography;
				PRODUCT_NAME = "$(TARGET_NAME)";
				SWIFT_VERSION = 4.0;
			};
			name = Release;
		};
/* End XCBuildConfiguration section */

/* Begin XCConfigurationList section */
		23DA2532212D6FD2000CDB56 /* Build configuration list for PBXProject "SimpleMotionTypography" */ = {
			isa = XCConfigurationList;
			buildConfigurations = (
				23DA2547212D6FD3000CDB56 /* Debug */,
				23DA2548212D6FD3000CDB56 /* Release */,
			);
			defaultConfigurationIsVisible = 0;
			defaultConfigurationName = Release;
		};
		23DA2549212D6FD3000CDB56 /* Build configuration list for PBXNativeTarget "SimpleMotionTypography" */ = {
			isa = XCConfigurationList;
			buildConfigurations = (
				23DA254A212D6FD3000CDB56 /* Debug */,
				23DA254B212D6FD3000CDB56 /* Release */,
			);
			defaultConfigurationIsVisible = 0;
			defaultConfigurationName = Release;
		};
/* End XCConfigurationList section */
	};
	rootObject = 23DA252F212D6FD2000CDB56 /* Project object */;
}
